
Microsoft Visual Studio Solution File, Format Version 12.00
# Visual Studio Version 17
VisualStudioVersion = 17.8.34525.116
MinimumVisualStudioVersion = 10.0.40219.1
Project("{FAE04EC0-301F-11D3-BF4B-00C04F79EFBC}") = "JmCursos", "JmCursos.csproj", "{11F57A9B-53DE-4226-8A11-024F5B092F4C}"
EndProject
Global
	GlobalSection(SolutionConfigurationPlatforms) = preSolution
		Debug|Any CPU = Debug|Any CPU
		Release|Any CPU = Release|Any CPU
	EndGlobalSection
	GlobalSection(ProjectConfigurationPlatforms) = postSolution
		{11F57A9B-53DE-4226-8A11-024F5B092F4C}.Debug|Any CPU.ActiveCfg = Debug|Any CPU
		{11F57A9B-53DE-4226-8A11-024F5B092F4C}.Debug|Any CPU.Build.0 = Debug|Any CPU
		{11F57A9B-53DE-4226-8A11-024F5B092F4C}.Release|Any CPU.ActiveCfg = Release|Any CPU
		{11F57A9B-53DE-4226-8A11-024F5B092F4C}.Release|Any CPU.Build.0 = Release|Any CPU
	EndGlobalSection
	GlobalSection(SolutionProperties) = preSolution
		HideSolutionNode = FALSE
	EndGlobalSection
	GlobalSection(ExtensibilityGlobals) = postSolution
		SolutionGuid = {1AF134F1-511B-44EE-968C-AA6E68387662}
	EndGlobalSection
EndGlobal
